// !$*UTF8*$!
{
	archiveVersion = 1;
	classes = {
	};
	objectVersion = 46;
	objects = {

/* Begin PBXBuildFile section */
		B8A9EA3D18E68D5F00360AFA /* Foundation.framework in Frameworks */ = {isa = PBXBuildFile; fileRef = B8A9EA3C18E68D5F00360AFA /* Foundation.framework */; };
		B8A9EA3F18E68D5F00360AFA /* CoreGraphics.framework in Frameworks */ = {isa = PBXBuildFile; fileRef = B8A9EA3E18E68D5F00360AFA /* CoreGraphics.framework */; };
		B8A9EA4118E68D5F00360AFA /* UIKit.framework in Frameworks */ = {isa = PBXBuildFile; fileRef = B8A9EA4018E68D5F00360AFA /* UIKit.framework */; };
		B8A9EA4718E68D5F00360AFA /* InfoPlist.strings in Resources */ = {isa = PBXBuildFile; fileRef = B8A9EA4518E68D5F00360AFA /* InfoPlist.strings */; };
		B8A9EA4918E68D5F00360AFA /* main.m in Sources */ = {isa = PBXBuildFile; fileRef = B8A9EA4818E68D5F00360AFA /* main.m */; };
		B8A9EA4D18E68D5F00360AFA /* AppDelegate.m in Sources */ = {isa = PBXBuildFile; fileRef = B8A9EA4C18E68D5F00360AFA /* AppDelegate.m */; };
		B8A9EA4F18E68D5F00360AFA /* Images.xcassets in Resources */ = {isa = PBXBuildFile; fileRef = B8A9EA4E18E68D5F00360AFA /* Images.xcassets */; };
		B8A9EA5618E68D5F00360AFA /* XCTest.framework in Frameworks */ = {isa = PBXBuildFile; fileRef = B8A9EA5518E68D5F00360AFA /* XCTest.framework */; };
		B8A9EA5718E68D5F00360AFA /* Foundation.framework in Frameworks */ = {isa = PBXBuildFile; fileRef = B8A9EA3C18E68D5F00360AFA /* Foundation.framework */; };
		B8A9EA5818E68D5F00360AFA /* UIKit.framework in Frameworks */ = {isa = PBXBuildFile; fileRef = B8A9EA4018E68D5F00360AFA /* UIKit.framework */; };
		B8A9EA6018E68D5F00360AFA /* InfoPlist.strings in Resources */ = {isa = PBXBuildFile; fileRef = B8A9EA5E18E68D5F00360AFA /* InfoPlist.strings */; };
		B8A9EA6218E68D5F00360AFA /* HomeWork4Tests.m in Sources */ = {isa = PBXBuildFile; fileRef = B8A9EA6118E68D5F00360AFA /* HomeWork4Tests.m */; };
		B8A9EA6E18E68DB100360AFA /* MainViewController.m in Sources */ = {isa = PBXBuildFile; fileRef = B8A9EA6C18E68DB100360AFA /* MainViewController.m */; };
		B8A9EA6F18E68DB100360AFA /* MainViewController.xib in Resources */ = {isa = PBXBuildFile; fileRef = B8A9EA6D18E68DB100360AFA /* MainViewController.xib */; };
/* End PBXBuildFile section */

/* Begin PBXContainerItemProxy section */
		B8A9EA5918E68D5F00360AFA /* PBXContainerItemProxy */ = {
			isa = PBXContainerItemProxy;
			containerPortal = B8A9EA3118E68D5F00360AFA /* Project object */;
			proxyType = 1;
			remoteGlobalIDString = B8A9EA3818E68D5F00360AFA;
			remoteInfo = HomeWork4;
		};
/* End PBXContainerItemProxy section */

/* Begin PBXFileReference section */
		B8A9EA3918E68D5F00360AFA /* HomeWork4.app */ = {isa = PBXFileReference; explicitFileType = wrapper.application; includeInIndex = 0; path = HomeWork4.app; sourceTree = BUILT_PRODUCTS_DIR; };
		B8A9EA3C18E68D5F00360AFA /* Foundation.framework */ = {isa = PBXFileReference; lastKnownFileType = wrapper.framework; name = Foundation.framework; path = System/Library/Frameworks/Foundation.framework; sourceTree = SDKROOT; };
		B8A9EA3E18E68D5F00360AFA /* CoreGraphics.framework */ = {isa = PBXFileReference; lastKnownFileType = wrapper.framework; name = CoreGraphics.framework; path = System/Library/Frameworks/CoreGraphics.framework; sourceTree = SDKROOT; };
		B8A9EA4018E68D5F00360AFA /* UIKit.framework */ = {isa = PBXFileReference; lastKnownFileType = wrapper.framework; name = UIKit.framework; path = System/Library/Frameworks/UIKit.framework; sourceTree = SDKROOT; };
		B8A9EA4418E68D5F00360AFA /* HomeWork4-Info.plist */ = {isa = PBXFileReference; lastKnownFileType = text.plist.xml; path = "HomeWork4-Info.plist"; sourceTree = "<group>"; };
		B8A9EA4618E68D5F00360AFA /* en */ = {isa = PBXFileReference; lastKnownFileType = text.plist.strings; name = en; path = en.lproj/InfoPlist.strings; sourceTree = "<group>"; };
		B8A9EA4818E68D5F00360AFA /* main.m */ = {isa = PBXFileReference; lastKnownFileType = sourcecode.c.objc; path = main.m; sourceTree = "<group>"; };
		B8A9EA4A18E68D5F00360AFA /* HomeWork4-Prefix.pch */ = {isa = PBXFileReference; lastKnownFileType = sourcecode.c.h; path = "HomeWork4-Prefix.pch"; sourceTree = "<group>"; };
		B8A9EA4B18E68D5F00360AFA /* AppDelegate.h */ = {isa = PBXFileReference; lastKnownFileType = sourcecode.c.h; path = AppDelegate.h; sourceTree = "<group>"; };
		B8A9EA4C18E68D5F00360AFA /* AppDelegate.m */ = {isa = PBXFileReference; lastKnownFileType = sourcecode.c.objc; path = AppDelegate.m; sourceTree = "<group>"; };
		B8A9EA4E18E68D5F00360AFA /* Images.xcassets */ = {isa = PBXFileReference; lastKnownFileType = folder.assetcatalog; path = Images.xcassets; sourceTree = "<group>"; };
		B8A9EA5418E68D5F00360AFA /* HomeWork4Tests.xctest */ = {isa = PBXFileReference; explicitFileType = wrapper.cfbundle; includeInIndex = 0; path = HomeWork4Tests.xctest; sourceTree = BUILT_PRODUCTS_DIR; };
		B8A9EA5518E68D5F00360AFA /* XCTest.framework */ = {isa = PBXFileReference; lastKnownFileType = wrapper.framework; name = XCTest.framework; path = Library/Frameworks/XCTest.framework; sourceTree = DEVELOPER_DIR; };
		B8A9EA5D18E68D5F00360AFA /* HomeWork4Tests-Info.plist */ = {isa = PBXFileReference; lastKnownFileType = text.plist.xml; path = "HomeWork4Tests-Info.plist"; sourceTree = "<group>"; };
		B8A9EA5F18E68D5F00360AFA /* en */ = {isa = PBXFileReference; lastKnownFileType = text.plist.strings; name = en; path = en.lproj/InfoPlist.strings; sourceTree = "<group>"; };
		B8A9EA6118E68D5F00360AFA /* HomeWork4Tests.m */ = {isa = PBXFileReference; lastKnownFileType = sourcecode.c.objc; path = HomeWork4Tests.m; sourceTree = "<group>"; };
		B8A9EA6B18E68DB100360AFA /* MainViewController.h */ = {isa = PBXFileReference; fileEncoding = 4; lastKnownFileType = sourcecode.c.h; path = MainViewController.h; sourceTree = "<group>"; };
		B8A9EA6C18E68DB100360AFA /* MainViewController.m */ = {isa = PBXFileReference; fileEncoding = 4; lastKnownFileType = sourcecode.c.objc; path = MainViewController.m; sourceTree = "<group>"; };
		B8A9EA6D18E68DB100360AFA /* MainViewController.xib */ = {isa = PBXFileReference; fileEncoding = 4; lastKnownFileType = file.xib; path = MainViewController.xib; sourceTree = "<group>"; };
/* End PBXFileReference section */

/* Begin PBXFrameworksBuildPhase section */
		B8A9EA3618E68D5F00360AFA /* Frameworks */ = {
			isa = PBXFrameworksBuildPhase;
			buildActionMask = 2147483647;
			files = (
				B8A9EA3F18E68D5F00360AFA /* CoreGraphics.framework in Frameworks */,
				B8A9EA4118E68D5F00360AFA /* UIKit.framework in Frameworks */,
				B8A9EA3D18E68D5F00360AFA /* Foundation.framework in Frameworks */,
			);
			runOnlyForDeploymentPostprocessing = 0;
		};
		B8A9EA5118E68D5F00360AFA /* Frameworks */ = {
			isa = PBXFrameworksBuildPhase;
			buildActionMask = 2147483647;
			files = (
				B8A9EA5618E68D5F00360AFA /* XCTest.framework in Frameworks */,
				B8A9EA5818E68D5F00360AFA /* UIKit.framework in Frameworks */,
				B8A9EA5718E68D5F00360AFA /* Foundation.framework in Frameworks */,
			);
			runOnlyForDeploymentPostprocessing = 0;
		};
/* End PBXFrameworksBuildPhase section */

/* Begin PBXGroup section */
		B8A9EA3018E68D5F00360AFA = {
			isa = PBXGroup;
			children = (
				B8A9EA6B18E68DB100360AFA /* MainViewController.h */,
				B8A9EA6C18E68DB100360AFA /* MainViewController.m */,
				B8A9EA6D18E68DB100360AFA /* MainViewController.xib */,
				B8A9EA4218E68D5F00360AFA /* HomeWork4 */,
				B8A9EA5B18E68D5F00360AFA /* HomeWork4Tests */,
				B8A9EA3B18E68D5F00360AFA /* Frameworks */,
				B8A9EA3A18E68D5F00360AFA /* Products */,
			);
			sourceTree = "<group>";
		};
		B8A9EA3A18E68D5F00360AFA /* Products */ = {
			isa = PBXGroup;
			children = (
				B8A9EA3918E68D5F00360AFA /* HomeWork4.app */,
				B8A9EA5418E68D5F00360AFA /* HomeWork4Tests.xctest */,
			);
			name = Products;
			sourceTree = "<group>";
		};
		B8A9EA3B18E68D5F00360AFA /* Frameworks */ = {
			isa = PBXGroup;
			children = (
				B8A9EA3C18E68D5F00360AFA /* Foundation.framework */,
				B8A9EA3E18E68D5F00360AFA /* CoreGraphics.framework */,
				B8A9EA4018E68D5F00360AFA /* UIKit.framework */,
				B8A9EA5518E68D5F00360AFA /* XCTest.framework */,
			);
			name = Frameworks;
			sourceTree = "<group>";
		};
		B8A9EA4218E68D5F00360AFA /* HomeWork4 */ = {
			isa = PBXGroup;
			children = (
				B8A9EA4B18E68D5F00360AFA /* AppDelegate.h */,
				B8A9EA4C18E68D5F00360AFA /* AppDelegate.m */,
				B8A9EA4E18E68D5F00360AFA /* Images.xcassets */,
				B8A9EA4318E68D5F00360AFA /* Supporting Files */,
			);
			path = HomeWork4;
			sourceTree = "<group>";
		};
		B8A9EA4318E68D5F00360AFA /* Supporting Files */ = {
			isa = PBXGroup;
			children = (
				B8A9EA4418E68D5F00360AFA /* HomeWork4-Info.plist */,
				B8A9EA4518E68D5F00360AFA /* InfoPlist.strings */,
				B8A9EA4818E68D5F00360AFA /* main.m */,
				B8A9EA4A18E68D5F00360AFA /* HomeWork4-Prefix.pch */,
			);
			name = "Supporting Files";
			sourceTree = "<group>";
		};
		B8A9EA5B18E68D5F00360AFA /* HomeWork4Tests */ = {
			isa = PBXGroup;
			children = (
				B8A9EA6118E68D5F00360AFA /* HomeWork4Tests.m */,
				B8A9EA5C18E68D5F00360AFA /* Supporting Files */,
			);
			path = HomeWork4Tests;
			sourceTree = "<group>";
		};
		B8A9EA5C18E68D5F00360AFA /* Supporting Files */ = {
			isa = PBXGroup;
			children = (
				B8A9EA5D18E68D5F00360AFA /* HomeWork4Tests-Info.plist */,
				B8A9EA5E18E68D5F00360AFA /* InfoPlist.strings */,
			);
			name = "Supporting Files";
			sourceTree = "<group>";
		};
/* End PBXGroup section */

/* Begin PBXNativeTarget section */
		B8A9EA3818E68D5F00360AFA /* HomeWork4 */ = {
			isa = PBXNativeTarget;
			buildConfigurationList = B8A9EA6518E68D5F00360AFA /* Build configuration list for PBXNativeTarget "HomeWork4" */;
			buildPhases = (
				B8A9EA3518E68D5F00360AFA /* Sources */,
				B8A9EA3618E68D5F00360AFA /* Frameworks */,
				B8A9EA3718E68D5F00360AFA /* Resources */,
			);
			buildRules = (
			);
			dependencies = (
			);
			name = HomeWork4;
			productName = HomeWork4;
			productReference = B8A9EA3918E68D5F00360AFA /* HomeWork4.app */;
			productType = "com.apple.product-type.application";
		};
		B8A9EA5318E68D5F00360AFA /* HomeWork4Tests */ = {
			isa = PBXNativeTarget;
			buildConfigurationList = B8A9EA6818E68D5F00360AFA /* Build configuration list for PBXNativeTarget "HomeWork4Tests" */;
			buildPhases = (
				B8A9EA5018E68D5F00360AFA /* Sources */,
				B8A9EA5118E68D5F00360AFA /* Frameworks */,
				B8A9EA5218E68D5F00360AFA /* Resources */,
			);
			buildRules = (
			);
			dependencies = (
				B8A9EA5A18E68D5F00360AFA /* PBXTargetDependency */,
			);
			name = HomeWork4Tests;
			productName = HomeWork4Tests;
			productReference = B8A9EA5418E68D5F00360AFA /* HomeWork4Tests.xctest */;
			productType = "com.apple.product-type.bundle.unit-test";
		};
/* End PBXNativeTarget section */

/* Begin PBXProject section */
		B8A9EA3118E68D5F00360AFA /* Project object */ = {
			isa = PBXProject;
			attributes = {
				LastUpgradeCheck = 0510;
				ORGANIZATIONNAME = iosbootcamp;
				TargetAttributes = {
					B8A9EA5318E68D5F00360AFA = {
						TestTargetID = B8A9EA3818E68D5F00360AFA;
					};
				};
			};
			buildConfigurationList = B8A9EA3418E68D5F00360AFA /* Build configuration list for PBXProject "HomeWork4" */;
			compatibilityVersion = "Xcode 3.2";
			developmentRegion = English;
			hasScannedForEncodings = 0;
			knownRegions = (
				en,
			);
			mainGroup = B8A9EA3018E68D5F00360AFA;
			productRefGroup = B8A9EA3A18E68D5F00360AFA /* Products */;
			projectDirPath = "";
			projectRoot = "";
			targets = (
				B8A9EA3818E68D5F00360AFA /* HomeWork4 */,
				B8A9EA5318E68D5F00360AFA /* HomeWork4Tests */,
			);
		};
/* End PBXProject section */

/* Begin PBXResourcesBuildPhase section */
		B8A9EA3718E68D5F00360AFA /* Resources */ = {
			isa = PBXResourcesBuildPhase;
			buildActionMask = 2147483647;
			files = (
				B8A9EA4718E68D5F00360AFA /* InfoPlist.strings in Resources */,
				B8A9EA6F18E68DB100360AFA /* MainViewController.xib in Resources */,
				B8A9EA4F18E68D5F00360AFA /* Images.xcassets in Resources */,
			);
			runOnlyForDeploymentPostprocessing = 0;
		};
		B8A9EA5218E68D5F00360AFA /* Resources */ = {
			isa = PBXResourcesBuildPhase;
			buildActionMask = 2147483647;
			files = (
				B8A9EA6018E68D5F00360AFA /* InfoPlist.strings in Resources */,
			);
			runOnlyForDeploymentPostprocessing = 0;
		};
/* End PBXResourcesBuildPhase section */

/* Begin PBXSourcesBuildPhase section */
		B8A9EA3518E68D5F00360AFA /* Sources */ = {
			isa = PBXSourcesBuildPhase;
			buildActionMask = 2147483647;
			files = (
				B8A9EA4D18E68D5F00360AFA /* AppDelegate.m in Sources */,
				B8A9EA6E18E68DB100360AFA /* MainViewController.m in Sources */,
				B8A9EA4918E68D5F00360AFA /* main.m in Sources */,
			);
			runOnlyForDeploymentPostprocessing = 0;
		};
		B8A9EA5018E68D5F00360AFA /* Sources */ = {
			isa = PBXSourcesBuildPhase;
			buildActionMask = 2147483647;
			files = (
				B8A9EA6218E68D5F00360AFA /* HomeWork4Tests.m in Sources */,
			);
			runOnlyForDeploymentPostprocessing = 0;
		};
/* End PBXSourcesBuildPhase section */

/* Begin PBXTargetDependency section */
		B8A9EA5A18E68D5F00360AFA /* PBXTargetDependency */ = {
			isa = PBXTargetDependency;
			target = B8A9EA3818E68D5F00360AFA /* HomeWork4 */;
			targetProxy = B8A9EA5918E68D5F00360AFA /* PBXContainerItemProxy */;
		};
/* End PBXTargetDependency section */

/* Begin PBXVariantGroup section */
		B8A9EA4518E68D5F00360AFA /* InfoPlist.strings */ = {
			isa = PBXVariantGroup;
			children = (
				B8A9EA4618E68D5F00360AFA /* en */,
			);
			name = InfoPlist.strings;
			sourceTree = "<group>";
		};
		B8A9EA5E18E68D5F00360AFA /* InfoPlist.strings */ = {
			isa = PBXVariantGroup;
			children = (
				B8A9EA5F18E68D5F00360AFA /* en */,
			);
			name = InfoPlist.strings;
			sourceTree = "<group>";
		};
/* End PBXVariantGroup section */

/* Begin XCBuildConfiguration section */
		B8A9EA6318E68D5F00360AFA /* Debug */ = {
			isa = XCBuildConfiguration;
			buildSettings = {
				ALWAYS_SEARCH_USER_PATHS = NO;
				CLANG_CXX_LANGUAGE_STANDARD = "gnu++0x";
				CLANG_CXX_LIBRARY = "libc++";
				CLANG_ENABLE_MODULES = YES;
				CLANG_ENABLE_OBJC_ARC = YES;
				CLANG_WARN_BOOL_CONVERSION = YES;
				CLANG_WARN_CONSTANT_CONVERSION = YES;
				CLANG_WARN_DIRECT_OBJC_ISA_USAGE = YES_ERROR;
				CLANG_WARN_EMPTY_BODY = YES;
				CLANG_WARN_ENUM_CONVERSION = YES;
				CLANG_WARN_INT_CONVERSION = YES;
				CLANG_WARN_OBJC_ROOT_CLASS = YES_ERROR;
				CLANG_WARN__DUPLICATE_METHOD_MATCH = YES;
				"CODE_SIGN_IDENTITY[sdk=iphoneos*]" = "iPhone Developer";
				COPY_PHASE_STRIP = NO;
				GCC_C_LANGUAGE_STANDARD = gnu99;
				GCC_DYNAMIC_NO_PIC = NO;
				GCC_OPTIMIZATION_LEVEL = 0;
				GCC_PREPROCESSOR_DEFINITIONS = (
					"DEBUG=1",
					"$(inherited)",
				);
				GCC_SYMBOLS_PRIVATE_EXTERN = NO;
				GCC_WARN_64_TO_32_BIT_CONVERSION = YES;
				GCC_WARN_ABOUT_RETURN_TYPE = YES_ERROR;
				GCC_WARN_UNDECLARED_SELECTOR = YES;
				GCC_WARN_UNINITIALIZED_AUTOS = YES_AGGRESSIVE;
				GCC_WARN_UNUSED_FUNCTION = YES;
				GCC_WARN_UNUSED_VARIABLE = YES;
				IPHONEOS_DEPLOYMENT_TARGET = 7.1;
				ONLY_ACTIVE_ARCH = YES;
				SDKROOT = iphoneos;
			};
			name = Debug;
		};
		B8A9EA6418E68D5F00360AFA /* Release */ = {
			isa = XCBuildConfiguration;
			buildSettings = {
				ALWAYS_SEARCH_USER_PATHS = NO;
				CLANG_CXX_LANGUAGE_STANDARD = "gnu++0x";
				CLANG_CXX_LIBRARY = "libc++";
				CLANG_ENABLE_MODULES = YES;
				CLANG_ENABLE_OBJC_ARC = YES;
				CLANG_WARN_BOOL_CONVERSION = YES;
				CLANG_WARN_CONSTANT_CONVERSION = YES;
				CLANG_WARN_DIRECT_OBJC_ISA_USAGE = YES_ERROR;
				CLANG_WARN_EMPTY_BODY = YES;
				CLANG_WARN_ENUM_CONVERSION = YES;
				CLANG_WARN_INT_CONVERSION = YES;
				CLANG_WARN_OBJC_ROOT_CLASS = YES_ERROR;
				CLANG_WARN__DUPLICATE_METHOD_MATCH = YES;
				"CODE_SIGN_IDENTITY[sdk=iphoneos*]" = "iPhone Developer";
				COPY_PHASE_STRIP = YES;
				ENABLE_NS_ASSERTIONS = NO;
				GCC_C_LANGUAGE_STANDARD = gnu99;
				GCC_WARN_64_TO_32_BIT_CONVERSION = YES;
				GCC_WARN_ABOUT_RETURN_TYPE = YES_ERROR;
				GCC_WARN_UNDECLARED_SELECTOR = YES;
				GCC_WARN_UNINITIALIZED_AUTOS = YES_AGGRESSIVE;
				GCC_WARN_UNUSED_FUNCTION = YES;
				GCC_WARN_UNUSED_VARIABLE = YES;
				IPHONEOS_DEPLOYMENT_TARGET = 7.1;
				SDKROOT = iphoneos;
				VALIDATE_PRODUCT = YES;
			};
			name = Release;
		};
		B8A9EA6618E68D5F00360AFA /* Debug */ = {
			isa = XCBuildConfiguration;
			buildSettings = {
				ASSETCATALOG_COMPILER_APPICON_NAME = AppIcon;
				ASSETCATALOG_COMPILER_LAUNCHIMAGE_NAME = LaunchImage;
				GCC_PRECOMPILE_PREFIX_HEADER = YES;
				GCC_PREFIX_HEADER = "HomeWork4/HomeWork4-Prefix.pch";
				INFOPLIST_FILE = "HomeWork4/HomeWork4-Info.plist";
				PRODUCT_NAME = "$(TARGET_NAME)";
				WRAPPER_EXTENSION = app;
			};
			name = Debug;
		};
		B8A9EA6718E68D5F00360AFA /* Release */ = {
			isa = XCBuildConfiguration;
			buildSettings = {
				ASSETCATALOG_COMPILER_APPICON_NAME = AppIcon;
				ASSETCATALOG_COMPILER_LAUNCHIMAGE_NAME = LaunchImage;
				GCC_PRECOMPILE_PREFIX_HEADER = YES;
				GCC_PREFIX_HEADER = "HomeWork4/HomeWork4-Prefix.pch";
				INFOPLIST_FILE = "HomeWork4/HomeWork4-Info.plist";
				PRODUCT_NAME = "$(TARGET_NAME)";
				WRAPPER_EXTENSION = app;
			};
			name = Release;
		};
		B8A9EA6918E68D5F00360AFA /* Debug */ = {
			isa = XCBuildConfiguration;
			buildSettings = {
				BUNDLE_LOADER = "$(BUILT_PRODUCTS_DIR)/HomeWork4.app/HomeWork4";
				FRAMEWORK_SEARCH_PATHS = (
					"$(SDKROOT)/Developer/Library/Frameworks",
					"$(inherited)",
					"$(DEVELOPER_FRAMEWORKS_DIR)",
				);
				GCC_PRECOMPILE_PREFIX_HEADER = YES;
				GCC_PREFIX_HEADER = "HomeWork4/HomeWork4-Prefix.pch";
				GCC_PREPROCESSOR_DEFINITIONS = (
					"DEBUG=1",
					"$(inherited)",
				);
				INFOPLIST_FILE = "HomeWork4Tests/HomeWork4Tests-Info.plist";
				PRODUCT_NAME = "$(TARGET_NAME)";
				TEST_HOST = "$(BUNDLE_LOADER)";
				WRAPPER_EXTENSION = xctest;
			};
			name = Debug;
		};
		B8A9EA6A18E68D5F00360AFA /* Release */ = {
			isa = XCBuildConfiguration;
			buildSettings = {
				BUNDLE_LOADER = "$(BUILT_PRODUCTS_DIR)/HomeWork4.app/HomeWork4";
				FRAMEWORK_SEARCH_PATHS = (
					"$(SDKROOT)/Developer/Library/Frameworks",
					"$(inherited)",
					"$(DEVELOPER_FRAMEWORKS_DIR)",
				);
				GCC_PRECOMPILE_PREFIX_HEADER = YES;
				GCC_PREFIX_HEADER = "HomeWork4/HomeWork4-Prefix.pch";
				INFOPLIST_FILE = "HomeWork4Tests/HomeWork4Tests-Info.plist";
				PRODUCT_NAME = "$(TARGET_NAME)";
				TEST_HOST = "$(BUNDLE_LOADER)";
				WRAPPER_EXTENSION = xctest;
			};
			name = Release;
		};
/* End XCBuildConfiguration section */

/* Begin XCConfigurationList section */
		B8A9EA3418E68D5F00360AFA /* Build configuration list for PBXProject "HomeWork4" */ = {
			isa = XCConfigurationList;
			buildConfigurations = (
				B8A9EA6318E68D5F00360AFA /* Debug */,
				B8A9EA6418E68D5F00360AFA /* Release */,
			);
			defaultConfigurationIsVisible = 0;
			defaultConfigurationName = Release;
		};
		B8A9EA6518E68D5F00360AFA /* Build configuration list for PBXNativeTarget "HomeWork4" */ = {
			isa = XCConfigurationList;
			buildConfigurations = (
				B8A9EA6618E68D5F00360AFA /* Debug */,
				B8A9EA6718E68D5F00360AFA /* Release */,
			);
			defaultConfigurationIsVisible = 0;
		};
		B8A9EA6818E68D5F00360AFA /* Build configuration list for PBXNativeTarget "HomeWork4Tests" */ = {
			isa = XCConfigurationList;
			buildConfigurations = (
				B8A9EA6918E68D5F00360AFA /* Debug */,
				B8A9EA6A18E68D5F00360AFA /* Release */,
			);
			defaultConfigurationIsVisible = 0;
		};
/* End XCConfigurationList section */
	};
	rootObject = B8A9EA3118E68D5F00360AFA /* Project object */;
}
